# THIS IS AN AUTOGENERATED FILE. DO NOT EDIT THIS FILE DIRECTLY.
version 1

---

actionlint
  registry
    integrity 2026-04-09-toxic-mirror~8a1c612ea81491feb94ed5f7cf9c76fbda7925613d3def13935deed734373a46
    name mason-registry
    namespace mason-org
    proto github
  version v1.7.12

emmylua_ls
  registry
    integrity 2026-04-09-toxic-mirror~8a1c612ea81491feb94ed5f7cf9c76fbda7925613d3def13935deed734373a46
    name mason-registry
    namespace mason-org
    proto github
  version 0.21.0

gh
  registry
    integrity 2026-04-09-toxic-mirror~8a1c612ea81491feb94ed5f7cf9c76fbda7925613d3def13935deed734373a46
    name mason-registry
    namespace mason-org
    proto github
  version v2.89.0

git-recent
  registry
    integrity 2026-01-07-wiry-pony~927e0ad9cedf7fc6a4a6890b1f7c80601030172c7a3ee067d1c750b0f96bf0d4
    name my-registry
    namespace williamboman
    proto github
  version 2.0.4

jq
  registry
    integrity 2026-04-09-toxic-mirror~8a1c612ea81491feb94ed5f7cf9c76fbda7925613d3def13935deed734373a46
    name mason-registry
    namespace mason-org
    proto github
  version jq-1.7

ripgrep
  registry
    integrity 2026-01-07-wiry-pony~927e0ad9cedf7fc6a4a6890b1f7c80601030172c7a3ee067d1c750b0f96bf0d4
    name my-registry
    namespace williamboman
    proto github
  version 14.1.1

rust-analyzer
  registry
    integrity 2026-04-09-toxic-mirror~8a1c612ea81491feb94ed5f7cf9c76fbda7925613d3def13935deed734373a46
    name mason-registry
    namespace mason-org
    proto github
  version 2026-04-06

stylua
  registry
    integrity 2026-04-09-toxic-mirror~8a1c612ea81491feb94ed5f7cf9c76fbda7925613d3def13935deed734373a46
    name mason-registry
    namespace mason-org
    proto github
  version v2.4.1

tree-sitter-cli
  registry
    integrity 2026-04-09-toxic-mirror~8a1c612ea81491feb94ed5f7cf9c76fbda7925613d3def13935deed734373a46
    name mason-registry
    namespace mason-org
    proto github
  version v0.26.8

yaml-language-server
  registry
    integrity 2026-04-09-toxic-mirror~8a1c612ea81491feb94ed5f7cf9c76fbda7925613d3def13935deed734373a46
    name mason-registry
    namespace mason-org
    proto github
  version 1.21.0

yq
  registry
    integrity 2026-04-09-toxic-mirror~8a1c612ea81491feb94ed5f7cf9c76fbda7925613d3def13935deed734373a46
    name mason-registry
    namespace mason-org
    proto github
  version v4.52.5
